# This file is automatically @generated by Cargo.
# It is not intended for manual editing.
version = 3

[[package]]
name = "crc-fast-gen"
version = "0.1.0"

[[package]]
name = "crc16-cdma2000-fast"
version = "0.2.0"
dependencies = [
 "crc-fast-gen",
]

[[package]]
name = "crc24-openpgp-fast"
version = "0.2.0"
dependencies = [
 "crc-fast-gen",
]

[[package]]
name = "crc32-mpeg2-fast"
version = "0.2.0"
dependencies = [
 "crc-fast-gen",
]
